// !$*UTF8*$!
{
	archiveVersion = 1;
	classes = {
	};
	objectVersion = 77;
	objects = {

/* Begin PBXBuildFile section */
		DF97B1E62EE781DE006F83DF /* DomainTestingUtils in Frameworks */ = {isa = PBXBuildFile; productRef = DF97B1E52EE781DE006F83DF /* DomainTestingUtils */; };
		DFEDC1592EE740E800DA9F3D /* Data in Frameworks */ = {isa = PBXBuildFile; productRef = DFEDC1582EE740E800DA9F3D /* Data */; };
		DFEDC15B2EE740E800DA9F3D /* Domain in Frameworks */ = {isa = PBXBuildFile; productRef = DFEDC15A2EE740E800DA9F3D /* Domain */; };
		DFEEA25B2EE8151000EDDECF /* DomainTestingUtils in Frameworks */ = {isa = PBXBuildFile; productRef = DFEEA25A2EE8151000EDDECF /* DomainTestingUtils */; };
/* End PBXBuildFile section */

/* Begin PBXContainerItemProxy section */
		DF3F21F52EE73FAA004F3A4D /* PBXContainerItemProxy */ = {
			isa = PBXContainerItemProxy;
			containerPortal = DF3F21DF2EE73FA9004F3A4D /* Project object */;
			proxyType = 1;
			remoteGlobalIDString = DF3F21E62EE73FA9004F3A4D;
			remoteInfo = LiteWeather;
		};
		DF3F21FF2EE73FAA004F3A4D /* PBXContainerItemProxy */ = {
			isa = PBXContainerItemProxy;
			containerPortal = DF3F21DF2EE73FA9004F3A4D /* Project object */;
			proxyType = 1;
			remoteGlobalIDString = DF3F21E62EE73FA9004F3A4D;
			remoteInfo = LiteWeather;
		};
/* End PBXContainerItemProxy section */

/* Begin PBXFileReference section */
		DF3F21E72EE73FA9004F3A4D /* LiteWeather.app */ = {isa = PBXFileReference; explicitFileType = wrapper.application; includeInIndex = 0; path = LiteWeather.app; sourceTree = BUILT_PRODUCTS_DIR; };
		DF3F21F42EE73FAA004F3A4D /* LiteWeatherTests.xctest */ = {isa = PBXFileReference; explicitFileType = wrapper.cfbundle; includeInIndex = 0; path = LiteWeatherTests.xctest; sourceTree = BUILT_PRODUCTS_DIR; };
		DF3F21FE2EE73FAA004F3A4D /* LiteWeatherUITests.xctest */ = {isa = PBXFileReference; explicitFileType = wrapper.cfbundle; includeInIndex = 0; path = LiteWeatherUITests.xctest; sourceTree = BUILT_PRODUCTS_DIR; };
		DF3F22112EE740C5004F3A4D /* Data */ = {isa = PBXFileReference; lastKnownFileType = wrapper; name = Data; path = Packages/Data; sourceTree = "<group>"; };
		DF3F22122EE740C5004F3A4D /* Domain */ = {isa = PBXFileReference; lastKnownFileType = wrapper; name = Domain; path = Packages/Domain; sourceTree = "<group>"; };
/* End PBXFileReference section */

/* Begin PBXFileSystemSynchronizedRootGroup section */
		DF3F21E92EE73FA9004F3A4D /* LiteWeather */ = {
			isa = PBXFileSystemSynchronizedRootGroup;
			path = LiteWeather;
			sourceTree = "<group>";
		};
		DF3F21F72EE73FAA004F3A4D /* LiteWeatherTests */ = {
			isa = PBXFileSystemSynchronizedRootGroup;
			path = LiteWeatherTests;
			sourceTree = "<group>";
		};
		DF3F22012EE73FAA004F3A4D /* LiteWeatherUITests */ = {
			isa = PBXFileSystemSynchronizedRootGroup;
			path = LiteWeatherUITests;
			sourceTree = "<group>";
		};
/* End PBXFileSystemSynchronizedRootGroup section */

/* Begin PBXFrameworksBuildPhase section */
		DF3F21E42EE73FA9004F3A4D /* Frameworks */ = {
			isa = PBXFrameworksBuildPhase;
			buildActionMask = 2147483647;
			files = (
				DFEDC15B2EE740E800DA9F3D /* Domain in Frameworks */,
				DFEDC1592EE740E800DA9F3D /* Data in Frameworks */,
				DFEEA25B2EE8151000EDDECF /* DomainTestingUtils in Frameworks */,
			);
			runOnlyForDeploymentPostprocessing = 0;
		};
		DF3F21F12EE73FAA004F3A4D /* Frameworks */ = {
			isa = PBXFrameworksBuildPhase;
			buildActionMask = 2147483647;
			files = (
				DF97B1E62EE781DE006F83DF /* DomainTestingUtils in Frameworks */,
			);
			runOnlyForDeploymentPostprocessing = 0;
		};
		DF3F21FB2EE73FAA004F3A4D /* Frameworks */ = {
			isa = PBXFrameworksBuildPhase;
			buildActionMask = 2147483647;
			files = (
			);
			runOnlyForDeploymentPostprocessing = 0;
		};
/* End PBXFrameworksBuildPhase section */

/* Begin PBXGroup section */
		DF3F21DE2EE73FA9004F3A4D = {
			isa = PBXGroup;
			children = (
				DF3F21E92EE73FA9004F3A4D /* LiteWeather */,
				DF3F21F72EE73FAA004F3A4D /* LiteWeatherTests */,
				DF3F22012EE73FAA004F3A4D /* LiteWeatherUITests */,
				DF3F21E82EE73FA9004F3A4D /* Products */,
				DF3F22112EE740C5004F3A4D /* Data */,
				DF3F22122EE740C5004F3A4D /* Domain */,
				DFEDC1572EE740E800DA9F3D /* Frameworks */,
			);
			sourceTree = "<group>";
		};
		DF3F21E82EE73FA9004F3A4D /* Products */ = {
			isa = PBXGroup;
			children = (
				DF3F21E72EE73FA9004F3A4D /* LiteWeather.app */,
				DF3F21F42EE73FAA004F3A4D /* LiteWeatherTests.xctest */,
				DF3F21FE2EE73FAA004F3A4D /* LiteWeatherUITests.xctest */,
			);
			name = Products;
			sourceTree = "<group>";
		};
		DFEDC1572EE740E800DA9F3D /* Frameworks */ = {
			isa = PBXGroup;
			children = (
			);
			name = Frameworks;
			sourceTree = "<group>";
		};
/* End PBXGroup section */

/* Begin PBXNativeTarget section */
		DF3F21E62EE73FA9004F3A4D /* LiteWeather */ = {
			isa = PBXNativeTarget;
			buildConfigurationList = DF3F22082EE73FAA004F3A4D /* Build configuration list for PBXNativeTarget "LiteWeather" */;
			buildPhases = (
				DF3F21E32EE73FA9004F3A4D /* Sources */,
				DF3F21E42EE73FA9004F3A4D /* Frameworks */,
				DF3F21E52EE73FA9004F3A4D /* Resources */,
			);
			buildRules = (
			);
			dependencies = (
			);
			fileSystemSynchronizedGroups = (
				DF3F21E92EE73FA9004F3A4D /* LiteWeather */,
			);
			name = LiteWeather;
			packageProductDependencies = (
				DFEDC1582EE740E800DA9F3D /* Data */,
				DFEDC15A2EE740E800DA9F3D /* Domain */,
				DFEEA25A2EE8151000EDDECF /* DomainTestingUtils */,
			);
			productName = LiteWeather;
			productReference = DF3F21E72EE73FA9004F3A4D /* LiteWeather.app */;
			productType = "com.apple.product-type.application";
		};
		DF3F21F32EE73FAA004F3A4D /* LiteWeatherTests */ = {
			isa = PBXNativeTarget;
			buildConfigurationList = DF3F220B2EE73FAA004F3A4D /* Build configuration list for PBXNativeTarget "LiteWeatherTests" */;
			buildPhases = (
				DF3F21F02EE73FAA004F3A4D /* Sources */,
				DF3F21F12EE73FAA004F3A4D /* Frameworks */,
				DF3F21F22EE73FAA004F3A4D /* Resources */,
			);
			buildRules = (
			);
			dependencies = (
				DF3F21F62EE73FAA004F3A4D /* PBXTargetDependency */,
			);
			fileSystemSynchronizedGroups = (
				DF3F21F72EE73FAA004F3A4D /* LiteWeatherTests */,
			);
			name = LiteWeatherTests;
			packageProductDependencies = (
				DF97B1E52EE781DE006F83DF /* DomainTestingUtils */,
			);
			productName = LiteWeatherTests;
			productReference = DF3F21F42EE73FAA004F3A4D /* LiteWeatherTests.xctest */;
			productType = "com.apple.product-type.bundle.unit-test";
		};
		DF3F21FD2EE73FAA004F3A4D /* LiteWeatherUITests */ = {
			isa = PBXNativeTarget;
			buildConfigurationList = DF3F220E2EE73FAA004F3A4D /* Build configuration list for PBXNativeTarget "LiteWeatherUITests" */;
			buildPhases = (
				DF3F21FA2EE73FAA004F3A4D /* Sources */,
				DF3F21FB2EE73FAA004F3A4D /* Frameworks */,
				DF3F21FC2EE73FAA004F3A4D /* Resources */,
			);
			buildRules = (
			);
			dependencies = (
				DF3F22002EE73FAA004F3A4D /* PBXTargetDependency */,
			);
			fileSystemSynchronizedGroups = (
				DF3F22012EE73FAA004F3A4D /* LiteWeatherUITests */,
			);
			name = LiteWeatherUITests;
			packageProductDependencies = (
			);
			productName = LiteWeatherUITests;
			productReference = DF3F21FE2EE73FAA004F3A4D /* LiteWeatherUITests.xctest */;
			productType = "com.apple.product-type.bundle.ui-testing";
		};
/* End PBXNativeTarget section */

/* Begin PBXProject section */
		DF3F21DF2EE73FA9004F3A4D /* Project object */ = {
			isa = PBXProject;
			attributes = {
				BuildIndependentTargetsInParallel = 1;
				LastSwiftUpdateCheck = 2610;
				LastUpgradeCheck = 2610;
				TargetAttributes = {
					DF3F21E62EE73FA9004F3A4D = {
						CreatedOnToolsVersion = 26.1.1;
					};
					DF3F21F32EE73FAA004F3A4D = {
						CreatedOnToolsVersion = 26.1.1;
						LastSwiftMigration = 2610;
						TestTargetID = DF3F21E62EE73FA9004F3A4D;
					};
					DF3F21FD2EE73FAA004F3A4D = {
						CreatedOnToolsVersion = 26.1.1;
						TestTargetID = DF3F21E62EE73FA9004F3A4D;
					};
				};
			};
			buildConfigurationList = DF3F21E22EE73FA9004F3A4D /* Build configuration list for PBXProject "LiteWeather" */;
			developmentRegion = es;
			hasScannedForEncodings = 0;
			knownRegions = (
				en,
				Base,
				es,
			);
			mainGroup = DF3F21DE2EE73FA9004F3A4D;
			minimizedProjectReferenceProxies = 1;
			preferredProjectObjectVersion = 77;
			productRefGroup = DF3F21E82EE73FA9004F3A4D /* Products */;
			projectDirPath = "";
			projectRoot = "";
			targets = (
				DF3F21E62EE73FA9004F3A4D /* LiteWeather */,
				DF3F21F32EE73FAA004F3A4D /* LiteWeatherTests */,
				DF3F21FD2EE73FAA004F3A4D /* LiteWeatherUITests */,
			);
		};
/* End PBXProject section */

/* Begin PBXResourcesBuildPhase section */
		DF3F21E52EE73FA9004F3A4D /* Resources */ = {
			isa = PBXResourcesBuildPhase;
			buildActionMask = 2147483647;
			files = (
			);
			runOnlyForDeploymentPostprocessing = 0;
		};
		DF3F21F22EE73FAA004F3A4D /* Resources */ = {
			isa = PBXResourcesBuildPhase;
			buildActionMask = 2147483647;
			files = (
			);
			runOnlyForDeploymentPostprocessing = 0;
		};
		DF3F21FC2EE73FAA004F3A4D /* Resources */ = {
			isa = PBXResourcesBuildPhase;
			buildActionMask = 2147483647;
			files = (
			);
			runOnlyForDeploymentPostprocessing = 0;
		};
/* End PBXResourcesBuildPhase section */

/* Begin PBXSourcesBuildPhase section */
		DF3F21E32EE73FA9004F3A4D /* Sources */ = {
			isa = PBXSourcesBuildPhase;
			buildActionMask = 2147483647;
			files = (
			);
			runOnlyForDeploymentPostprocessing = 0;
		};
		DF3F21F02EE73FAA004F3A4D /* Sources */ = {
			isa = PBXSourcesBuildPhase;
			buildActionMask = 2147483647;
			files = (
			);
			runOnlyForDeploymentPostprocessing = 0;
		};
		DF3F21FA2EE73FAA004F3A4D /* Sources */ = {
			isa = PBXSourcesBuildPhase;
			buildActionMask = 2147483647;
			files = (
			);
			runOnlyForDeploymentPostprocessing = 0;
		};
/* End PBXSourcesBuildPhase section */

/* Begin PBXTargetDependency section */
		DF3F21F62EE73FAA004F3A4D /* PBXTargetDependency */ = {
			isa = PBXTargetDependency;
			target = DF3F21E62EE73FA9004F3A4D /* LiteWeather */;
			targetProxy = DF3F21F52EE73FAA004F3A4D /* PBXContainerItemProxy */;
		};
		DF3F22002EE73FAA004F3A4D /* PBXTargetDependency */ = {
			isa = PBXTargetDependency;
			target = DF3F21E62EE73FA9004F3A4D /* LiteWeather */;
			targetProxy = DF3F21FF2EE73FAA004F3A4D /* PBXContainerItemProxy */;
		};
/* End PBXTargetDependency section */

/* Begin XCBuildConfiguration section */
		DF3F22062EE73FAA004F3A4D /* Debug */ = {
			isa = XCBuildConfiguration;
			buildSettings = {
				ALWAYS_SEARCH_USER_PATHS = NO;
				ASSETCATALOG_COMPILER_GENERATE_SWIFT_ASSET_SYMBOL_EXTENSIONS = YES;
				CLANG_ANALYZER_NONNULL = YES;
				CLANG_ANALYZER_NUMBER_OBJECT_CONVERSION = YES_AGGRESSIVE;
				CLANG_CXX_LANGUAGE_STANDARD = "gnu++20";
				CLANG_ENABLE_MODULES = YES;
				CLANG_ENABLE_OBJC_ARC = YES;
				CLANG_ENABLE_OBJC_WEAK = YES;
				CLANG_WARN_BLOCK_CAPTURE_AUTORELEASING = YES;
				CLANG_WARN_BOOL_CONVERSION = YES;
				CLANG_WARN_COMMA = YES;
				CLANG_WARN_CONSTANT_CONVERSION = YES;
				CLANG_WARN_DEPRECATED_OBJC_IMPLEMENTATIONS = YES;
				CLANG_WARN_DIRECT_OBJC_ISA_USAGE = YES_ERROR;
				CLANG_WARN_DOCUMENTATION_COMMENTS = YES;
				CLANG_WARN_EMPTY_BODY = YES;
				CLANG_WARN_ENUM_CONVERSION = YES;
				CLANG_WARN_INFINITE_RECURSION = YES;
				CLANG_WARN_INT_CONVERSION = YES;
				CLANG_WARN_NON_LITERAL_NULL_CONVERSION = YES;
				CLANG_WARN_OBJC_IMPLICIT_RETAIN_SELF = YES;
				CLANG_WARN_OBJC_LITERAL_CONVERSION = YES;
				CLANG_WARN_OBJC_ROOT_CLASS = YES_ERROR;
				CLANG_WARN_QUOTED_INCLUDE_IN_FRAMEWORK_HEADER = YES;
				CLANG_WARN_RANGE_LOOP_ANALYSIS = YES;
				CLANG_WARN_STRICT_PROTOTYPES = YES;
				CLANG_WARN_SUSPICIOUS_MOVE = YES;
				CLANG_WARN_UNGUARDED_AVAILABILITY = YES_AGGRESSIVE;
				CLANG_WARN_UNREACHABLE_CODE = YES;
				CLANG_WARN__DUPLICATE_METHOD_MATCH = YES;
				COPY_PHASE_STRIP = NO;
				DEBUG_INFORMATION_FORMAT = dwarf;
				DEVELOPMENT_TEAM = 3P3D5394KZ;
				ENABLE_STRICT_OBJC_MSGSEND = YES;
				ENABLE_TESTABILITY = YES;
				ENABLE_USER_SCRIPT_SANDBOXING = YES;
				GCC_C_LANGUAGE_STANDARD = gnu17;
				GCC_DYNAMIC_NO_PIC = NO;
				GCC_NO_COMMON_BLOCKS = YES;
				GCC_OPTIMIZATION_LEVEL = 0;
				GCC_PREPROCESSOR_DEFINITIONS = (
					"DEBUG=1",
					"$(inherited)",
				);
				GCC_WARN_64_TO_32_BIT_CONVERSION = YES;
				GCC_WARN_ABOUT_RETURN_TYPE = YES_ERROR;
				GCC_WARN_UNDECLARED_SELECTOR = YES;
				GCC_WARN_UNINITIALIZED_AUTOS = YES_AGGRESSIVE;
				GCC_WARN_UNUSED_FUNCTION = YES;
				GCC_WARN_UNUSED_VARIABLE = YES;
				IPHONEOS_DEPLOYMENT_TARGET = 26.1;
				LOCALIZATION_PREFERS_STRING_CATALOGS = YES;
				MTL_ENABLE_DEBUG_INFO = INCLUDE_SOURCE;
				MTL_FAST_MATH = YES;
				ONLY_ACTIVE_ARCH = YES;
				SDKROOT = iphoneos;
				SWIFT_ACTIVE_COMPILATION_CONDITIONS = "DEBUG $(inherited)";
				SWIFT_EMIT_LOC_STRINGS = YES;
				SWIFT_OPTIMIZATION_LEVEL = "-Onone";
			};
			name = Debug;
		};
		DF3F22072EE73FAA004F3A4D /* Release */ = {
			isa = XCBuildConfiguration;
			buildSettings = {
				ALWAYS_SEARCH_USER_PATHS = NO;
				ASSETCATALOG_COMPILER_GENERATE_SWIFT_ASSET_SYMBOL_EXTENSIONS = YES;
				CLANG_ANALYZER_NONNULL = YES;
				CLANG_ANALYZER_NUMBER_OBJECT_CONVERSION = YES_AGGRESSIVE;
				CLANG_CXX_LANGUAGE_STANDARD = "gnu++20";
				CLANG_ENABLE_MODULES = YES;
				CLANG_ENABLE_OBJC_ARC = YES;
				CLANG_ENABLE_OBJC_WEAK = YES;
				CLANG_WARN_BLOCK_CAPTURE_AUTORELEASING = YES;
				CLANG_WARN_BOOL_CONVERSION = YES;
				CLANG_WARN_COMMA = YES;
				CLANG_WARN_CONSTANT_CONVERSION = YES;
				CLANG_WARN_DEPRECATED_OBJC_IMPLEMENTATIONS = YES;
				CLANG_WARN_DIRECT_OBJC_ISA_USAGE = YES_ERROR;
				CLANG_WARN_DOCUMENTATION_COMMENTS = YES;
				CLANG_WARN_EMPTY_BODY = YES;
				CLANG_WARN_ENUM_CONVERSION = YES;
				CLANG_WARN_INFINITE_RECURSION = YES;
				CLANG_WARN_INT_CONVERSION = YES;
				CLANG_WARN_NON_LITERAL_NULL_CONVERSION = YES;
				CLANG_WARN_OBJC_IMPLICIT_RETAIN_SELF = YES;
				CLANG_WARN_OBJC_LITERAL_CONVERSION = YES;
				CLANG_WARN_OBJC_ROOT_CLASS = YES_ERROR;
				CLANG_WARN_QUOTED_INCLUDE_IN_FRAMEWORK_HEADER = YES;
				CLANG_WARN_RANGE_LOOP_ANALYSIS = YES;
				CLANG_WARN_STRICT_PROTOTYPES = YES;
				CLANG_WARN_SUSPICIOUS_MOVE = YES;
				CLANG_WARN_UNGUARDED_AVAILABILITY = YES_AGGRESSIVE;
				CLANG_WARN_UNREACHABLE_CODE = YES;
				CLANG_WARN__DUPLICATE_METHOD_MATCH = YES;
				COPY_PHASE_STRIP = NO;
				DEBUG_INFORMATION_FORMAT = "dwarf-with-dsym";
				DEVELOPMENT_TEAM = 3P3D5394KZ;
				ENABLE_NS_ASSERTIONS = NO;
				ENABLE_STRICT_OBJC_MSGSEND = YES;
				ENABLE_USER_SCRIPT_SANDBOXING = YES;
				GCC_C_LANGUAGE_STANDARD = gnu17;
				GCC_NO_COMMON_BLOCKS = YES;
				GCC_WARN_64_TO_32_BIT_CONVERSION = YES;
				GCC_WARN_ABOUT_RETURN_TYPE = YES_ERROR;
				GCC_WARN_UNDECLARED_SELECTOR = YES;
				GCC_WARN_UNINITIALIZED_AUTOS = YES_AGGRESSIVE;
				GCC_WARN_UNUSED_FUNCTION = YES;
				GCC_WARN_UNUSED_VARIABLE = YES;
				IPHONEOS_DEPLOYMENT_TARGET = 26.1;
				LOCALIZATION_PREFERS_STRING_CATALOGS = YES;
				MTL_ENABLE_DEBUG_INFO = NO;
				MTL_FAST_MATH = YES;
				SDKROOT = iphoneos;
				SWIFT_COMPILATION_MODE = wholemodule;
				SWIFT_EMIT_LOC_STRINGS = YES;
				VALIDATE_PRODUCT = YES;
			};
			name = Release;
		};
		DF3F22092EE73FAA004F3A4D /* Debug */ = {
			isa = XCBuildConfiguration;
			buildSettings = {
				ASSETCATALOG_COMPILER_APPICON_NAME = AppIcon;
				ASSETCATALOG_COMPILER_GLOBAL_ACCENT_COLOR_NAME = AccentColor;
				CODE_SIGN_STYLE = Automatic;
				CURRENT_PROJECT_VERSION = 1;
				DEVELOPMENT_TEAM = 3P3D5394KZ;
				ENABLE_PREVIEWS = YES;
				GENERATE_INFOPLIST_FILE = YES;
				INFOPLIST_KEY_NSLocationWhenInUseUsageDescription = "Para mostrar las condiciones actuales del tiempo en tu ubicación";
				INFOPLIST_KEY_UIApplicationSceneManifest_Generation = YES;
				INFOPLIST_KEY_UIApplicationSupportsIndirectInputEvents = YES;
				INFOPLIST_KEY_UILaunchScreen_Generation = YES;
				INFOPLIST_KEY_UILaunchStoryboardName = LaunchScreen.storyboard;
				INFOPLIST_KEY_UISupportedInterfaceOrientations_iPad = "UIInterfaceOrientationPortrait UIInterfaceOrientationPortraitUpsideDown UIInterfaceOrientationLandscapeLeft UIInterfaceOrientationLandscapeRight";
				INFOPLIST_KEY_UISupportedInterfaceOrientations_iPhone = "UIInterfaceOrientationPortrait UIInterfaceOrientationLandscapeLeft UIInterfaceOrientationLandscapeRight";
				IPHONEOS_DEPLOYMENT_TARGET = 17.6;
				LD_RUNPATH_SEARCH_PATHS = (
					"$(inherited)",
					"@executable_path/Frameworks",
				);
				MARKETING_VERSION = 1.0;
				PRODUCT_BUNDLE_IDENTIFIER = com.juanjocorbalan.LiteWeather;
				PRODUCT_NAME = "$(TARGET_NAME)";
				STRING_CATALOG_GENERATE_SYMBOLS = YES;
				SWIFT_APPROACHABLE_CONCURRENCY = YES;
				SWIFT_DEFAULT_ACTOR_ISOLATION = MainActor;
				SWIFT_EMIT_LOC_STRINGS = YES;
				SWIFT_UPCOMING_FEATURE_MEMBER_IMPORT_VISIBILITY = YES;
				SWIFT_UPCOMING_FEATURE_NONISOLATED_NONSENDING_BY_DEFAULT = YES;
				SWIFT_VERSION = 6.0;
				TARGETED_DEVICE_FAMILY = "1,2";
			};
			name = Debug;
		};
		DF3F220A2EE73FAA004F3A4D /* Release */ = {
			isa = XCBuildConfiguration;
			buildSettings = {
				ASSETCATALOG_COMPILER_APPICON_NAME = AppIcon;
				ASSETCATALOG_COMPILER_GLOBAL_ACCENT_COLOR_NAME = AccentColor;
				CODE_SIGN_STYLE = Automatic;
				CURRENT_PROJECT_VERSION = 1;
				DEVELOPMENT_TEAM = 3P3D5394KZ;
				ENABLE_PREVIEWS = YES;
				GENERATE_INFOPLIST_FILE = YES;
				INFOPLIST_KEY_NSLocationWhenInUseUsageDescription = "Para mostrar las condiciones actuales del tiempo en tu ubicación";
				INFOPLIST_KEY_UIApplicationSceneManifest_Generation = YES;
				INFOPLIST_KEY_UIApplicationSupportsIndirectInputEvents = YES;
				INFOPLIST_KEY_UILaunchScreen_Generation = YES;
				INFOPLIST_KEY_UILaunchStoryboardName = LaunchScreen.storyboard;
				INFOPLIST_KEY_UISupportedInterfaceOrientations_iPad = "UIInterfaceOrientationPortrait UIInterfaceOrientationPortraitUpsideDown UIInterfaceOrientationLandscapeLeft UIInterfaceOrientationLandscapeRight";
				INFOPLIST_KEY_UISupportedInterfaceOrientations_iPhone = "UIInterfaceOrientationPortrait UIInterfaceOrientationLandscapeLeft UIInterfaceOrientationLandscapeRight";
				IPHONEOS_DEPLOYMENT_TARGET = 17.6;
				LD_RUNPATH_SEARCH_PATHS = (
					"$(inherited)",
					"@executable_path/Frameworks",
				);
				MARKETING_VERSION = 1.0;
				PRODUCT_BUNDLE_IDENTIFIER = com.juanjocorbalan.LiteWeather;
				PRODUCT_NAME = "$(TARGET_NAME)";
				STRING_CATALOG_GENERATE_SYMBOLS = YES;
				SWIFT_APPROACHABLE_CONCURRENCY = YES;
				SWIFT_DEFAULT_ACTOR_ISOLATION = MainActor;
				SWIFT_EMIT_LOC_STRINGS = YES;
				SWIFT_UPCOMING_FEATURE_MEMBER_IMPORT_VISIBILITY = YES;
				SWIFT_UPCOMING_FEATURE_NONISOLATED_NONSENDING_BY_DEFAULT = YES;
				SWIFT_VERSION = 6.0;
				TARGETED_DEVICE_FAMILY = "1,2";
			};
			name = Release;
		};
		DF3F220C2EE73FAA004F3A4D /* Debug */ = {
			isa = XCBuildConfiguration;
			buildSettings = {
				BUNDLE_LOADER = "$(TEST_HOST)";
				CLANG_ENABLE_MODULES = YES;
				CODE_SIGN_STYLE = Automatic;
				CURRENT_PROJECT_VERSION = 1;
				DEVELOPMENT_TEAM = 3P3D5394KZ;
				GENERATE_INFOPLIST_FILE = YES;
				IPHONEOS_DEPLOYMENT_TARGET = 17.6;
				MARKETING_VERSION = 1.0;
				PRODUCT_BUNDLE_IDENTIFIER = com.juanjocorbalan.LiteWeatherTests;
				PRODUCT_NAME = "$(TARGET_NAME)";
				STRING_CATALOG_GENERATE_SYMBOLS = NO;
				SWIFT_APPROACHABLE_CONCURRENCY = YES;
				SWIFT_DEFAULT_ACTOR_ISOLATION = MainActor;
				SWIFT_EMIT_LOC_STRINGS = NO;
				SWIFT_OPTIMIZATION_LEVEL = "-Onone";
				SWIFT_UPCOMING_FEATURE_MEMBER_IMPORT_VISIBILITY = YES;
				SWIFT_UPCOMING_FEATURE_NONISOLATED_NONSENDING_BY_DEFAULT = YES;
				SWIFT_VERSION = 6.0;
				TARGETED_DEVICE_FAMILY = "1,2";
				TEST_HOST = "$(BUILT_PRODUCTS_DIR)/LiteWeather.app/$(BUNDLE_EXECUTABLE_FOLDER_PATH)/LiteWeather";
			};
			name = Debug;
		};
		DF3F220D2EE73FAA004F3A4D /* Release */ = {
			isa = XCBuildConfiguration;
			buildSettings = {
				BUNDLE_LOADER = "$(TEST_HOST)";
				CLANG_ENABLE_MODULES = YES;
				CODE_SIGN_STYLE = Automatic;
				CURRENT_PROJECT_VERSION = 1;
				DEVELOPMENT_TEAM = 3P3D5394KZ;
				GENERATE_INFOPLIST_FILE = YES;
				IPHONEOS_DEPLOYMENT_TARGET = 17.6;
				MARKETING_VERSION = 1.0;
				PRODUCT_BUNDLE_IDENTIFIER = com.juanjocorbalan.LiteWeatherTests;
				PRODUCT_NAME = "$(TARGET_NAME)";
				STRING_CATALOG_GENERATE_SYMBOLS = NO;
				SWIFT_APPROACHABLE_CONCURRENCY = YES;
				SWIFT_DEFAULT_ACTOR_ISOLATION = MainActor;
				SWIFT_EMIT_LOC_STRINGS = NO;
				SWIFT_UPCOMING_FEATURE_MEMBER_IMPORT_VISIBILITY = YES;
				SWIFT_UPCOMING_FEATURE_NONISOLATED_NONSENDING_BY_DEFAULT = YES;
				SWIFT_VERSION = 6.0;
				TARGETED_DEVICE_FAMILY = "1,2";
				TEST_HOST = "$(BUILT_PRODUCTS_DIR)/LiteWeather.app/$(BUNDLE_EXECUTABLE_FOLDER_PATH)/LiteWeather";
			};
			name = Release;
		};
		DF3F220F2EE73FAA004F3A4D /* Debug */ = {
			isa = XCBuildConfiguration;
			buildSettings = {
				CODE_SIGN_STYLE = Automatic;
				CURRENT_PROJECT_VERSION = 1;
				DEVELOPMENT_TEAM = 3P3D5394KZ;
				GENERATE_INFOPLIST_FILE = YES;
				IPHONEOS_DEPLOYMENT_TARGET = 17.6;
				MARKETING_VERSION = 1.0;
				PRODUCT_BUNDLE_IDENTIFIER = com.juanjocorbalan.LiteWeatherUITests;
				PRODUCT_NAME = "$(TARGET_NAME)";
				STRING_CATALOG_GENERATE_SYMBOLS = NO;
				SWIFT_APPROACHABLE_CONCURRENCY = YES;
				SWIFT_DEFAULT_ACTOR_ISOLATION = nonisolated;
				SWIFT_EMIT_LOC_STRINGS = NO;
				SWIFT_UPCOMING_FEATURE_MEMBER_IMPORT_VISIBILITY = YES;
				SWIFT_VERSION = 6.0;
				TARGETED_DEVICE_FAMILY = "1,2";
				TEST_TARGET_NAME = LiteWeather;
			};
			name = Debug;
		};
		DF3F22102EE73FAA004F3A4D /* Release */ = {
			isa = XCBuildConfiguration;
			buildSettings = {
				CODE_SIGN_STYLE = Automatic;
				CURRENT_PROJECT_VERSION = 1;
				DEVELOPMENT_TEAM = 3P3D5394KZ;
				GENERATE_INFOPLIST_FILE = YES;
				IPHONEOS_DEPLOYMENT_TARGET = 17.6;
				MARKETING_VERSION = 1.0;
				PRODUCT_BUNDLE_IDENTIFIER = com.juanjocorbalan.LiteWeatherUITests;
				PRODUCT_NAME = "$(TARGET_NAME)";
				STRING_CATALOG_GENERATE_SYMBOLS = NO;
				SWIFT_APPROACHABLE_CONCURRENCY = YES;
				SWIFT_DEFAULT_ACTOR_ISOLATION = nonisolated;
				SWIFT_EMIT_LOC_STRINGS = NO;
				SWIFT_UPCOMING_FEATURE_MEMBER_IMPORT_VISIBILITY = YES;
				SWIFT_VERSION = 6.0;
				TARGETED_DEVICE_FAMILY = "1,2";
				TEST_TARGET_NAME = LiteWeather;
			};
			name = Release;
		};
/* End XCBuildConfiguration section */

/* Begin XCConfigurationList section */
		DF3F21E22EE73FA9004F3A4D /* Build configuration list for PBXProject "LiteWeather" */ = {
			isa = XCConfigurationList;
			buildConfigurations = (
				DF3F22062EE73FAA004F3A4D /* Debug */,
				DF3F22072EE73FAA004F3A4D /* Release */,
			);
			defaultConfigurationIsVisible = 0;
			defaultConfigurationName = Release;
		};
		DF3F22082EE73FAA004F3A4D /* Build configuration list for PBXNativeTarget "LiteWeather" */ = {
			isa = XCConfigurationList;
			buildConfigurations = (
				DF3F22092EE73FAA004F3A4D /* Debug */,
				DF3F220A2EE73FAA004F3A4D /* Release */,
			);
			defaultConfigurationIsVisible = 0;
			defaultConfigurationName = Release;
		};
		DF3F220B2EE73FAA004F3A4D /* Build configuration list for PBXNativeTarget "LiteWeatherTests" */ = {
			isa = XCConfigurationList;
			buildConfigurations = (
				DF3F220C2EE73FAA004F3A4D /* Debug */,
				DF3F220D2EE73FAA004F3A4D /* Release */,
			);
			defaultConfigurationIsVisible = 0;
			defaultConfigurationName = Release;
		};
		DF3F220E2EE73FAA004F3A4D /* Build configuration list for PBXNativeTarget "LiteWeatherUITests" */ = {
			isa = XCConfigurationList;
			buildConfigurations = (
				DF3F220F2EE73FAA004F3A4D /* Debug */,
				DF3F22102EE73FAA004F3A4D /* Release */,
			);
			defaultConfigurationIsVisible = 0;
			defaultConfigurationName = Release;
		};
/* End XCConfigurationList section */

/* Begin XCSwiftPackageProductDependency section */
		DF97B1E52EE781DE006F83DF /* DomainTestingUtils */ = {
			isa = XCSwiftPackageProductDependency;
			productName = DomainTestingUtils;
		};
		DFEDC1582EE740E800DA9F3D /* Data */ = {
			isa = XCSwiftPackageProductDependency;
			productName = Data;
		};
		DFEDC15A2EE740E800DA9F3D /* Domain */ = {
			isa = XCSwiftPackageProductDependency;
			productName = Domain;
		};
		DFEEA25A2EE8151000EDDECF /* DomainTestingUtils */ = {
			isa = XCSwiftPackageProductDependency;
			productName = DomainTestingUtils;
		};
/* End XCSwiftPackageProductDependency section */
	};
	rootObject = DF3F21DF2EE73FA9004F3A4D /* Project object */;
}
